Microsoft Visual Studio Solution File, Format Version 10.00
# Visual Studio 2008
Project("{FAE04EC0-301F-11D3-BF4B-00C04F79EFBC}") = "Components", "Components\Components.csproj", "{B2CF0ED1-CDD3-42AA-9ACB-5A49196A2606}"
EndProject
Project("{FAE04EC0-301F-11D3-BF4B-00C04F79EFBC}") = "CryptWin", "CryptWin\CryptWin.csproj", "{230B5CC2-939A-4D50-9C9F-84EF372D79D0}"
EndProject
Project("{4F174C21-8C12-11D0-8340-0000F80270F8}") = "Database", "Database\Database.dbp", "{92A8AD0B-7084-4802-9421-BFB45C46C102}"
EndProject
Project("{FAE04EC0-301F-11D3-BF4B-00C04F79EFBC}") = "DatabaseConfiguration", "DatabaseConfiguration\DatabaseConfiguration.csproj", "{6DA69C52-3708-485E-96C0-F6B9BEDEE216}"
EndProject
Project("{54435603-DBB4-11D2-8724-00A0C9A8B90C}") = "Documentation", "Documentation\Documentation.vdproj", "{8478DD28-9E2E-40A2-AC49-3377C32B87CA}"
EndProject
Project("{FAE04EC0-301F-11D3-BF4B-00C04F79EFBC}") = "InfopathToWord", "InfopathToWord\InfopathToWord.csproj", "{4ABD4481-C549-4DA1-9BF0-1A8D7E9AA910}"
EndProject
Project("{54435603-DBB4-11D2-8724-00A0C9A8B90C}") = "Installer", "Installer\Installer.vdproj", "{7B6F3217-E7C9-476F-8A66-189D99C9ABFF}"
EndProject
Project("{FAE04EC0-301F-11D3-BF4B-00C04F79EFBC}") = "ReportViewerControl", "ReportViewerContol\ReportViewerContol\ReportViewerControl.csproj", "{B91C931A-720C-4A12-949A-4665D12B0EC8}"
EndProject
Project("{FAE04EC0-301F-11D3-BF4B-00C04F79EFBC}") = "TreeViewControl", "TreeViewControl\TreeViewControl\TreeViewControl.csproj", "{E0C2ACB8-171C-4DA5-9664-6AD09A3E0DB2}"
EndProject
Project("{FAE04EC0-301F-11D3-BF4B-00C04F79EFBC}") = "ExportToCSV", "Migration\ExportToCSV\ExportToCSV.csproj", "{6116C9DC-23BA-4AD1-9170-B243D3B216E7}"
EndProject
Project("{FAE04EC0-301F-11D3-BF4B-00C04F79EFBC}") = "LessonFormCode", "InfoPath\Lesson\LessonFormCode.csproj", "{14B85C50-5DEE-4D17-B12F-648F6FEA5917}"
EndProject
Project("{FAE04EC0-301F-11D3-BF4B-00C04F79EFBC}") = "PhrasesFormCode", "InfoPath\Phrases\PhrasesFormCode.csproj", "{F41124FA-6B5B-4096-9118-A94B47F31DA6}"
EndProject
Project("{FAE04EC0-301F-11D3-BF4B-00C04F79EFBC}") = "QuizFormCode", "InfoPath\Quiz\QuizFormCode.csproj", "{46DA2703-A568-43C6-A872-902888434EAC}"
EndProject
Project("{F14B399A-7131-4C87-9E4B-1186C45EF12D}") = "ReportingServices", "reportingservices\ReportingServices.rptproj", "{F942327D-1D1F-4DA7-8AD8-240F53FC31A7}"
EndProject
Project("{FAE04EC0-301F-11D3-BF4B-00C04F79EFBC}") = "WebSite", "WWWROOT_4.1.5 Release\WebSite.csproj", "{25F30FD8-447E-4311-993A-78995DFFEC1D}"
EndProject
Project("{FAE04EC0-301F-11D3-BF4B-00C04F79EFBC}") = "Localization", "Localization\Localization.csproj", "{80069761-EFE4-4F25-8924-B1C82C0D50BD}"
EndProject
Project("{54435603-DBB4-11D2-8724-00A0C9A8B90C}") = "InstallerInfoPathAuth", "InfoPath\Installer\setup.vdproj", "{AA8D0C96-6C48-4EAA-B66F-402ED560ED5D}"
EndProject
Project("{FAE04EC0-301F-11D3-BF4B-00C04F79EFBC}") = "GrantPermissions", "GrantPermissions\GrantPermissions\GrantPermissions.csproj", "{A1B9FCD5-7969-4E95-864B-1DB50D3B13D0}"
EndProject
Project("{FAE04EC0-301F-11D3-BF4B-00C04F79EFBC}") = "tinyMCE", "tinyMCE\tinyMCE.csproj", "{1CCB8F84-71C3-41DD-8D8B-C0AA6B1D3FAD}"
EndProject
Global
	GlobalSection(SourceCodeControl) = preSolution
		SccNumberOfProjects = 20
		SccLocalPath0 = .
		CanCheckoutShared = false
		SccProjectUniqueName1 = Components\\Components.csproj
		SccLocalPath1 = .
		CanCheckoutShared = false
		SccProjectFilePathRelativizedFromConnection1 = Components\\
		SccProjectUniqueName2 = CryptWin\\CryptWin.csproj
		SccLocalPath2 = .
		CanCheckoutShared = false
		SccProjectFilePathRelativizedFromConnection2 = CryptWin\\
		SccProjectUniqueName3 = Database\\Database.dbp
		SccLocalPath3 = .
		CanCheckoutShared = false
		SccProjectFilePathRelativizedFromConnection3 = Database\\
		SccProjectUniqueName4 = DatabaseConfiguration\\DatabaseConfiguration.csproj
		SccLocalPath4 = .
		CanCheckoutShared = false
		SccProjectFilePathRelativizedFromConnection4 = DatabaseConfiguration\\
		SccProjectUniqueName5 = Documentation\\Documentation.vdproj
		SccLocalPath5 = .
		CanCheckoutShared = false
		SccProjectFilePathRelativizedFromConnection5 = Documentation\\
		SccProjectUniqueName6 = InfoPath\\Installer\\setup.vdproj
		SccLocalPath6 = .
		CanCheckoutShared = false
		SccProjectFilePathRelativizedFromConnection6 = InfoPath\\Installer\\
		SccProjectUniqueName7 = InfoPath\\Lesson\\LessonFormCode.csproj
		SccLocalPath7 = .
		CanCheckoutShared = false
		SccProjectFilePathRelativizedFromConnection7 = InfoPath\\Lesson\\
		SccProjectUniqueName8 = InfoPath\\Phrases\\PhrasesFormCode.csproj
		SccLocalPath8 = .
		CanCheckoutShared = false
		SccProjectFilePathRelativizedFromConnection8 = InfoPath\\Phrases\\
		SccProjectUniqueName9 = InfoPath\\Quiz\\QuizFormCode.csproj
		SccLocalPath9 = .
		CanCheckoutShared = false
		SccProjectFilePathRelativizedFromConnection9 = InfoPath\\Quiz\\
		SccProjectUniqueName10 = InfopathToWord\\InfopathToWord.csproj
		SccLocalPath10 = .
		CanCheckoutShared = false
		SccProjectFilePathRelativizedFromConnection10 = InfopathToWord\\
		SccProjectUniqueName11 = Installer\\Installer.vdproj
		SccLocalPath11 = .
		CanCheckoutShared = false
		SccProjectFilePathRelativizedFromConnection11 = Installer\\
		SccProjectUniqueName12 = Localization\\Localization.csproj
		SccLocalPath12 = .
		CanCheckoutShared = false
		SccProjectFilePathRelativizedFromConnection12 = Localization\\
		SccProjectUniqueName13 = Migration\\ExportToCSV\\ExportToCSV.csproj
		SccLocalPath13 = .
		CanCheckoutShared = false
		SccProjectFilePathRelativizedFromConnection13 = Migration\\ExportToCSV\\
		SccProjectUniqueName14 = reportingservices\\ReportingServices.rptproj
		SccLocalPath14 = .
		CanCheckoutShared = false
		SccProjectFilePathRelativizedFromConnection14 = reportingservices\\
		SccProjectUniqueName15 = ReportViewerContol\\ReportViewerContol\\ReportViewerControl.csproj
		SccLocalPath15 = .
		CanCheckoutShared = false
		SccProjectFilePathRelativizedFromConnection15 = ReportViewerContol\\ReportViewerContol\\
		SccProjectUniqueName16 = TreeViewControl\\TreeViewControl\\TreeViewControl.csproj
		SccLocalPath16 = .
		CanCheckoutShared = false
		SccProjectFilePathRelativizedFromConnection16 = TreeViewControl\\TreeViewControl\\
		SccProjectUniqueName17 = WWWROOT_4.1.5\u0020Release\\WebSite.csproj
		SccLocalPath17 = .
		CanCheckoutShared = false
		SccProjectFilePathRelativizedFromConnection17 = WWWROOT_4.1.5\u0020Release\\
		SccProjectUniqueName18 = GrantPermissions\\GrantPermissions\\GrantPermissions.csproj
		SccLocalPath18 = .
		CanCheckoutShared = false
		SccProjectFilePathRelativizedFromConnection18 = GrantPermissions\\GrantPermissions\\
		SccProjectUniqueName19 = tinyMCE\\tinyMCE.csproj
		SccLocalPath19 = .
		CanCheckoutShared = false
		SccProjectFilePathRelativizedFromConnection19 = tinyMCE\\
	EndGlobalSection
	GlobalSection(SolutionConfigurationPlatforms) = preSolution
		Debug|Any CPU = Debug|Any CPU
		DebugLocal|Any CPU = DebugLocal|Any CPU
		Documentation|Any CPU = Documentation|Any CPU
		Production|Any CPU = Production|Any CPU
		Release|Any CPU = Release|Any CPU
	EndGlobalSection
	GlobalSection(ProjectConfigurationPlatforms) = postSolution
		{B2CF0ED1-CDD3-42AA-9ACB-5A49196A2606}.Debug|Any CPU.ActiveCfg = Debug|Any CPU
		{B2CF0ED1-CDD3-42AA-9ACB-5A49196A2606}.Debug|Any CPU.Build.0 = Debug|Any CPU
		{B2CF0ED1-CDD3-42AA-9ACB-5A49196A2606}.DebugLocal|Any CPU.ActiveCfg = Debug|Any CPU
		{B2CF0ED1-CDD3-42AA-9ACB-5A49196A2606}.DebugLocal|Any CPU.Build.0 = Debug|Any CPU
		{B2CF0ED1-CDD3-42AA-9ACB-5A49196A2606}.Documentation|Any CPU.ActiveCfg = Documentation|Any CPU
		{B2CF0ED1-CDD3-42AA-9ACB-5A49196A2606}.Documentation|Any CPU.Build.0 = Documentation|Any CPU
		{B2CF0ED1-CDD3-42AA-9ACB-5A49196A2606}.Production|Any CPU.ActiveCfg = Documentation|Any CPU
		{B2CF0ED1-CDD3-42AA-9ACB-5A49196A2606}.Production|Any CPU.Build.0 = Documentation|Any CPU
		{B2CF0ED1-CDD3-42AA-9ACB-5A49196A2606}.Release|Any CPU.ActiveCfg = Release|Any CPU
		{B2CF0ED1-CDD3-42AA-9ACB-5A49196A2606}.Release|Any CPU.Build.0 = Release|Any CPU
		{230B5CC2-939A-4D50-9C9F-84EF372D79D0}.Debug|Any CPU.ActiveCfg = Debug|Any CPU
		{230B5CC2-939A-4D50-9C9F-84EF372D79D0}.Debug|Any CPU.Build.0 = Debug|Any CPU
		{230B5CC2-939A-4D50-9C9F-84EF372D79D0}.DebugLocal|Any CPU.ActiveCfg = Debug|Any CPU
		{230B5CC2-939A-4D50-9C9F-84EF372D79D0}.DebugLocal|Any CPU.Build.0 = Debug|Any CPU
		{230B5CC2-939A-4D50-9C9F-84EF372D79D0}.Documentation|Any CPU.ActiveCfg = Debug|Any CPU
		{230B5CC2-939A-4D50-9C9F-84EF372D79D0}.Documentation|Any CPU.Build.0 = Debug|Any CPU
		{230B5CC2-939A-4D50-9C9F-84EF372D79D0}.Production|Any CPU.ActiveCfg = Release|Any CPU
		{230B5CC2-939A-4D50-9C9F-84EF372D79D0}.Production|Any CPU.Build.0 = Release|Any CPU
		{230B5CC2-939A-4D50-9C9F-84EF372D79D0}.Release|Any CPU.ActiveCfg = Release|Any CPU
		{230B5CC2-939A-4D50-9C9F-84EF372D79D0}.Release|Any CPU.Build.0 = Release|Any CPU
		{6DA69C52-3708-485E-96C0-F6B9BEDEE216}.Debug|Any CPU.ActiveCfg = Debug|Any CPU
		{6DA69C52-3708-485E-96C0-F6B9BEDEE216}.DebugLocal|Any CPU.ActiveCfg = Debug|Any CPU
		{6DA69C52-3708-485E-96C0-F6B9BEDEE216}.DebugLocal|Any CPU.Build.0 = Debug|Any CPU
		{6DA69C52-3708-485E-96C0-F6B9BEDEE216}.Documentation|Any CPU.ActiveCfg = Documentation|Any CPU
		{6DA69C52-3708-485E-96C0-F6B9BEDEE216}.Documentation|Any CPU.Build.0 = Documentation|Any CPU
		{6DA69C52-3708-485E-96C0-F6B9BEDEE216}.Production|Any CPU.ActiveCfg = Documentation|Any CPU
		{6DA69C52-3708-485E-96C0-F6B9BEDEE216}.Production|Any CPU.Build.0 = Documentation|Any CPU
		{6DA69C52-3708-485E-96C0-F6B9BEDEE216}.Release|Any CPU.ActiveCfg = Release|Any CPU
		{6DA69C52-3708-485E-96C0-F6B9BEDEE216}.Release|Any CPU.Build.0 = Release|Any CPU
		{8478DD28-9E2E-40A2-AC49-3377C32B87CA}.Debug|Any CPU.ActiveCfg = Debug
		{8478DD28-9E2E-40A2-AC49-3377C32B87CA}.DebugLocal|Any CPU.ActiveCfg = Debug
		{8478DD28-9E2E-40A2-AC49-3377C32B87CA}.DebugLocal|Any CPU.Build.0 = Debug
		{8478DD28-9E2E-40A2-AC49-3377C32B87CA}.Documentation|Any CPU.ActiveCfg = Documentation
		{8478DD28-9E2E-40A2-AC49-3377C32B87CA}.Documentation|Any CPU.Build.0 = Documentation
		{8478DD28-9E2E-40A2-AC49-3377C32B87CA}.Production|Any CPU.ActiveCfg = Release
		{8478DD28-9E2E-40A2-AC49-3377C32B87CA}.Production|Any CPU.Build.0 = Release
		{8478DD28-9E2E-40A2-AC49-3377C32B87CA}.Release|Any CPU.ActiveCfg = Release
		{4ABD4481-C549-4DA1-9BF0-1A8D7E9AA910}.Debug|Any CPU.ActiveCfg = Debug|Any CPU
		{4ABD4481-C549-4DA1-9BF0-1A8D7E9AA910}.DebugLocal|Any CPU.ActiveCfg = Debug|Any CPU
		{4ABD4481-C549-4DA1-9BF0-1A8D7E9AA910}.DebugLocal|Any CPU.Build.0 = Debug|Any CPU
		{4ABD4481-C549-4DA1-9BF0-1A8D7E9AA910}.Documentation|Any CPU.ActiveCfg = Debug|Any CPU
		{4ABD4481-C549-4DA1-9BF0-1A8D7E9AA910}.Documentation|Any CPU.Build.0 = Debug|Any CPU
		{4ABD4481-C549-4DA1-9BF0-1A8D7E9AA910}.Production|Any CPU.ActiveCfg = Release|Any CPU
		{4ABD4481-C549-4DA1-9BF0-1A8D7E9AA910}.Production|Any CPU.Build.0 = Release|Any CPU
		{4ABD4481-C549-4DA1-9BF0-1A8D7E9AA910}.Release|Any CPU.ActiveCfg = Release|Any CPU
		{4ABD4481-C549-4DA1-9BF0-1A8D7E9AA910}.Release|Any CPU.Build.0 = Release|Any CPU
		{7B6F3217-E7C9-476F-8A66-189D99C9ABFF}.Debug|Any CPU.ActiveCfg = Debug
		{7B6F3217-E7C9-476F-8A66-189D99C9ABFF}.DebugLocal|Any CPU.ActiveCfg = Debug
		{7B6F3217-E7C9-476F-8A66-189D99C9ABFF}.DebugLocal|Any CPU.Build.0 = Debug
		{7B6F3217-E7C9-476F-8A66-189D99C9ABFF}.Documentation|Any CPU.ActiveCfg = Debug
		{7B6F3217-E7C9-476F-8A66-189D99C9ABFF}.Documentation|Any CPU.Build.0 = Debug
		{7B6F3217-E7C9-476F-8A66-189D99C9ABFF}.Production|Any CPU.ActiveCfg = Release
		{7B6F3217-E7C9-476F-8A66-189D99C9ABFF}.Production|Any CPU.Build.0 = Release
		{7B6F3217-E7C9-476F-8A66-189D99C9ABFF}.Release|Any CPU.ActiveCfg = Release
		{7B6F3217-E7C9-476F-8A66-189D99C9ABFF}.Release|Any CPU.Build.0 = Release
		{B91C931A-720C-4A12-949A-4665D12B0EC8}.Debug|Any CPU.ActiveCfg = Debug|Any CPU
		{B91C931A-720C-4A12-949A-4665D12B0EC8}.Debug|Any CPU.Build.0 = Debug|Any CPU
		{B91C931A-720C-4A12-949A-4665D12B0EC8}.DebugLocal|Any CPU.ActiveCfg = Debug|Any CPU
		{B91C931A-720C-4A12-949A-4665D12B0EC8}.DebugLocal|Any CPU.Build.0 = Debug|Any CPU
		{B91C931A-720C-4A12-949A-4665D12B0EC8}.Documentation|Any CPU.ActiveCfg = Debug|Any CPU
		{B91C931A-720C-4A12-949A-4665D12B0EC8}.Documentation|Any CPU.Build.0 = Debug|Any CPU
		{B91C931A-720C-4A12-949A-4665D12B0EC8}.Production|Any CPU.ActiveCfg = Release|Any CPU
		{B91C931A-720C-4A12-949A-4665D12B0EC8}.Production|Any CPU.Build.0 = Release|Any CPU
		{B91C931A-720C-4A12-949A-4665D12B0EC8}.Release|Any CPU.ActiveCfg = Release|Any CPU
		{B91C931A-720C-4A12-949A-4665D12B0EC8}.Release|Any CPU.Build.0 = Release|Any CPU
		{E0C2ACB8-171C-4DA5-9664-6AD09A3E0DB2}.Debug|Any CPU.ActiveCfg = Debug|Any CPU
		{E0C2ACB8-171C-4DA5-9664-6AD09A3E0DB2}.Debug|Any CPU.Build.0 = Debug|Any CPU
		{E0C2ACB8-171C-4DA5-9664-6AD09A3E0DB2}.DebugLocal|Any CPU.ActiveCfg = Debug|Any CPU
		{E0C2ACB8-171C-4DA5-9664-6AD09A3E0DB2}.DebugLocal|Any CPU.Build.0 = Debug|Any CPU
		{E0C2ACB8-171C-4DA5-9664-6AD09A3E0DB2}.Documentation|Any CPU.ActiveCfg = Documentation|Any CPU
		{E0C2ACB8-171C-4DA5-9664-6AD09A3E0DB2}.Documentation|Any CPU.Build.0 = Documentation|Any CPU
		{E0C2ACB8-171C-4DA5-9664-6AD09A3E0DB2}.Production|Any CPU.ActiveCfg = Documentation|Any CPU
		{E0C2ACB8-171C-4DA5-9664-6AD09A3E0DB2}.Production|Any CPU.Build.0 = Documentation|Any CPU
		{E0C2ACB8-171C-4DA5-9664-6AD09A3E0DB2}.Release|Any CPU.ActiveCfg = Release|Any CPU
		{E0C2ACB8-171C-4DA5-9664-6AD09A3E0DB2}.Release|Any CPU.Build.0 = Release|Any CPU
		{6116C9DC-23BA-4AD1-9170-B243D3B216E7}.Debug|Any CPU.ActiveCfg = Debug|Any CPU
		{6116C9DC-23BA-4AD1-9170-B243D3B216E7}.DebugLocal|Any CPU.ActiveCfg = Debug|Any CPU
		{6116C9DC-23BA-4AD1-9170-B243D3B216E7}.DebugLocal|Any CPU.Build.0 = Debug|Any CPU
		{6116C9DC-23BA-4AD1-9170-B243D3B216E7}.Documentation|Any CPU.ActiveCfg = Debug|Any CPU
		{6116C9DC-23BA-4AD1-9170-B243D3B216E7}.Documentation|Any CPU.Build.0 = Debug|Any CPU
		{6116C9DC-23BA-4AD1-9170-B243D3B216E7}.Production|Any CPU.ActiveCfg = Release|Any CPU
		{6116C9DC-23BA-4AD1-9170-B243D3B216E7}.Production|Any CPU.Build.0 = Release|Any CPU
		{6116C9DC-23BA-4AD1-9170-B243D3B216E7}.Release|Any CPU.ActiveCfg = Release|Any CPU
		{6116C9DC-23BA-4AD1-9170-B243D3B216E7}.Release|Any CPU.Build.0 = Release|Any CPU
		{14B85C50-5DEE-4D17-B12F-648F6FEA5917}.Debug|Any CPU.ActiveCfg = Debug|Any CPU
		{14B85C50-5DEE-4D17-B12F-648F6FEA5917}.DebugLocal|Any CPU.ActiveCfg = Debug|Any CPU
		{14B85C50-5DEE-4D17-B12F-648F6FEA5917}.DebugLocal|Any CPU.Build.0 = Debug|Any CPU
		{14B85C50-5DEE-4D17-B12F-648F6FEA5917}.Documentation|Any CPU.ActiveCfg = Debug|Any CPU
		{14B85C50-5DEE-4D17-B12F-648F6FEA5917}.Documentation|Any CPU.Build.0 = Debug|Any CPU
		{14B85C50-5DEE-4D17-B12F-648F6FEA5917}.Production|Any CPU.ActiveCfg = Release|Any CPU
		{14B85C50-5DEE-4D17-B12F-648F6FEA5917}.Production|Any CPU.Build.0 = Release|Any CPU
		{14B85C50-5DEE-4D17-B12F-648F6FEA5917}.Release|Any CPU.ActiveCfg = Release|Any CPU
		{14B85C50-5DEE-4D17-B12F-648F6FEA5917}.Release|Any CPU.Build.0 = Release|Any CPU
		{F41124FA-6B5B-4096-9118-A94B47F31DA6}.Debug|Any CPU.ActiveCfg = Debug|Any CPU
		{F41124FA-6B5B-4096-9118-A94B47F31DA6}.DebugLocal|Any CPU.ActiveCfg = Debug|Any CPU
		{F41124FA-6B5B-4096-9118-A94B47F31DA6}.DebugLocal|Any CPU.Build.0 = Debug|Any CPU
		{F41124FA-6B5B-4096-9118-A94B47F31DA6}.Documentation|Any CPU.ActiveCfg = Debug|Any CPU
		{F41124FA-6B5B-4096-9118-A94B47F31DA6}.Documentation|Any CPU.Build.0 = Debug|Any CPU
		{F41124FA-6B5B-4096-9118-A94B47F31DA6}.Production|Any CPU.ActiveCfg = Release|Any CPU
		{F41124FA-6B5B-4096-9118-A94B47F31DA6}.Production|Any CPU.Build.0 = Release|Any CPU
		{F41124FA-6B5B-4096-9118-A94B47F31DA6}.Release|Any CPU.ActiveCfg = Release|Any CPU
		{F41124FA-6B5B-4096-9118-A94B47F31DA6}.Release|Any CPU.Build.0 = Release|Any CPU
		{46DA2703-A568-43C6-A872-902888434EAC}.Debug|Any CPU.ActiveCfg = Debug|Any CPU
		{46DA2703-A568-43C6-A872-902888434EAC}.DebugLocal|Any CPU.ActiveCfg = Debug|Any CPU
		{46DA2703-A568-43C6-A872-902888434EAC}.DebugLocal|Any CPU.Build.0 = Debug|Any CPU
		{46DA2703-A568-43C6-A872-902888434EAC}.Documentation|Any CPU.ActiveCfg = Debug|Any CPU
		{46DA2703-A568-43C6-A872-902888434EAC}.Documentation|Any CPU.Build.0 = Debug|Any CPU
		{46DA2703-A568-43C6-A872-902888434EAC}.Production|Any CPU.ActiveCfg = Release|Any CPU
		{46DA2703-A568-43C6-A872-902888434EAC}.Production|Any CPU.Build.0 = Release|Any CPU
		{46DA2703-A568-43C6-A872-902888434EAC}.Release|Any CPU.ActiveCfg = Release|Any CPU
		{46DA2703-A568-43C6-A872-902888434EAC}.Release|Any CPU.Build.0 = Release|Any CPU
		{F942327D-1D1F-4DA7-8AD8-240F53FC31A7}.Debug|Any CPU.ActiveCfg = Debug
		{F942327D-1D1F-4DA7-8AD8-240F53FC31A7}.DebugLocal|Any CPU.ActiveCfg = DebugLocal
		{F942327D-1D1F-4DA7-8AD8-240F53FC31A7}.DebugLocal|Any CPU.Build.0 = DebugLocal
		{F942327D-1D1F-4DA7-8AD8-240F53FC31A7}.DebugLocal|Any CPU.Deploy.0 = DebugLocal
		{F942327D-1D1F-4DA7-8AD8-240F53FC31A7}.Documentation|Any CPU.ActiveCfg = DebugLocal
		{F942327D-1D1F-4DA7-8AD8-240F53FC31A7}.Documentation|Any CPU.Build.0 = DebugLocal
		{F942327D-1D1F-4DA7-8AD8-240F53FC31A7}.Documentation|Any CPU.Deploy.0 = DebugLocal
		{F942327D-1D1F-4DA7-8AD8-240F53FC31A7}.Production|Any CPU.ActiveCfg = Production
		{F942327D-1D1F-4DA7-8AD8-240F53FC31A7}.Production|Any CPU.Build.0 = Production
		{F942327D-1D1F-4DA7-8AD8-240F53FC31A7}.Production|Any CPU.Deploy.0 = Production
		{F942327D-1D1F-4DA7-8AD8-240F53FC31A7}.Release|Any CPU.ActiveCfg = Production
		{25F30FD8-447E-4311-993A-78995DFFEC1D}.Debug|Any CPU.ActiveCfg = Debug|Any CPU
		{25F30FD8-447E-4311-993A-78995DFFEC1D}.Debug|Any CPU.Build.0 = Debug|Any CPU
		{25F30FD8-447E-4311-993A-78995DFFEC1D}.DebugLocal|Any CPU.ActiveCfg = Debug|Any CPU
		{25F30FD8-447E-4311-993A-78995DFFEC1D}.DebugLocal|Any CPU.Build.0 = Debug|Any CPU
		{25F30FD8-447E-4311-993A-78995DFFEC1D}.Documentation|Any CPU.ActiveCfg = Documentation|Any CPU
		{25F30FD8-447E-4311-993A-78995DFFEC1D}.Documentation|Any CPU.Build.0 = Documentation|Any CPU
		{25F30FD8-447E-4311-993A-78995DFFEC1D}.Production|Any CPU.ActiveCfg = Documentation|Any CPU
		{25F30FD8-447E-4311-993A-78995DFFEC1D}.Production|Any CPU.Build.0 = Documentation|Any CPU
		{25F30FD8-447E-4311-993A-78995DFFEC1D}.Release|Any CPU.ActiveCfg = Release|Any CPU
		{25F30FD8-447E-4311-993A-78995DFFEC1D}.Release|Any CPU.Build.0 = Release|Any CPU
		{80069761-EFE4-4F25-8924-B1C82C0D50BD}.Debug|Any CPU.ActiveCfg = Debug|Any CPU
		{80069761-EFE4-4F25-8924-B1C82C0D50BD}.DebugLocal|Any CPU.ActiveCfg = Debug|Any CPU
		{80069761-EFE4-4F25-8924-B1C82C0D50BD}.DebugLocal|Any CPU.Build.0 = Debug|Any CPU
		{80069761-EFE4-4F25-8924-B1C82C0D50BD}.Documentation|Any CPU.ActiveCfg = Debug|Any CPU
		{80069761-EFE4-4F25-8924-B1C82C0D50BD}.Documentation|Any CPU.Build.0 = Debug|Any CPU
		{80069761-EFE4-4F25-8924-B1C82C0D50BD}.Production|Any CPU.ActiveCfg = Release|Any CPU
		{80069761-EFE4-4F25-8924-B1C82C0D50BD}.Production|Any CPU.Build.0 = Release|Any CPU
		{80069761-EFE4-4F25-8924-B1C82C0D50BD}.Release|Any CPU.ActiveCfg = Release|Any CPU
		{80069761-EFE4-4F25-8924-B1C82C0D50BD}.Release|Any CPU.Build.0 = Release|Any CPU
		{AA8D0C96-6C48-4EAA-B66F-402ED560ED5D}.Debug|Any CPU.ActiveCfg = Debug
		{AA8D0C96-6C48-4EAA-B66F-402ED560ED5D}.DebugLocal|Any CPU.ActiveCfg = Debug
		{AA8D0C96-6C48-4EAA-B66F-402ED560ED5D}.DebugLocal|Any CPU.Build.0 = Debug
		{AA8D0C96-6C48-4EAA-B66F-402ED560ED5D}.Documentation|Any CPU.ActiveCfg = Debug
		{AA8D0C96-6C48-4EAA-B66F-402ED560ED5D}.Documentation|Any CPU.Build.0 = Debug
		{AA8D0C96-6C48-4EAA-B66F-402ED560ED5D}.Production|Any CPU.ActiveCfg = Release
		{AA8D0C96-6C48-4EAA-B66F-402ED560ED5D}.Production|Any CPU.Build.0 = Release
		{AA8D0C96-6C48-4EAA-B66F-402ED560ED5D}.Release|Any CPU.ActiveCfg = Release
		{AA8D0C96-6C48-4EAA-B66F-402ED560ED5D}.Release|Any CPU.Build.0 = Release
		{A1B9FCD5-7969-4E95-864B-1DB50D3B13D0}.Debug|Any CPU.ActiveCfg = Debug|Any CPU
		{A1B9FCD5-7969-4E95-864B-1DB50D3B13D0}.DebugLocal|Any CPU.ActiveCfg = Debug|Any CPU
		{A1B9FCD5-7969-4E95-864B-1DB50D3B13D0}.DebugLocal|Any CPU.Build.0 = Debug|Any CPU
		{A1B9FCD5-7969-4E95-864B-1DB50D3B13D0}.Documentation|Any CPU.ActiveCfg = Debug|Any CPU
		{A1B9FCD5-7969-4E95-864B-1DB50D3B13D0}.Documentation|Any CPU.Build.0 = Debug|Any CPU
		{A1B9FCD5-7969-4E95-864B-1DB50D3B13D0}.Production|Any CPU.ActiveCfg = Release|Any CPU
		{A1B9FCD5-7969-4E95-864B-1DB50D3B13D0}.Production|Any CPU.Build.0 = Release|Any CPU
		{A1B9FCD5-7969-4E95-864B-1DB50D3B13D0}.Release|Any CPU.ActiveCfg = Release|Any CPU
		{1CCB8F84-71C3-41DD-8D8B-C0AA6B1D3FAD}.Debug|Any CPU.ActiveCfg = Debug|Any CPU
		{1CCB8F84-71C3-41DD-8D8B-C0AA6B1D3FAD}.Debug|Any CPU.Build.0 = Debug|Any CPU
		{1CCB8F84-71C3-41DD-8D8B-C0AA6B1D3FAD}.DebugLocal|Any CPU.ActiveCfg = Debug|Any CPU
		{1CCB8F84-71C3-41DD-8D8B-C0AA6B1D3FAD}.DebugLocal|Any CPU.Build.0 = Debug|Any CPU
		{1CCB8F84-71C3-41DD-8D8B-C0AA6B1D3FAD}.Documentation|Any CPU.ActiveCfg = Debug|Any CPU
		{1CCB8F84-71C3-41DD-8D8B-C0AA6B1D3FAD}.Documentation|Any CPU.Build.0 = Debug|Any CPU
		{1CCB8F84-71C3-41DD-8D8B-C0AA6B1D3FAD}.Production|Any CPU.ActiveCfg = Release|Any CPU
		{1CCB8F84-71C3-41DD-8D8B-C0AA6B1D3FAD}.Production|Any CPU.Build.0 = Release|Any CPU
		{1CCB8F84-71C3-41DD-8D8B-C0AA6B1D3FAD}.Release|Any CPU.ActiveCfg = Release|Any CPU
		{1CCB8F84-71C3-41DD-8D8B-C0AA6B1D3FAD}.Release|Any CPU.Build.0 = Release|Any CPU
	EndGlobalSection
	GlobalSection(SolutionProperties) = preSolution
		HideSolutionNode = FALSE
	EndGlobalSection
EndGlobal
